
Microsoft Visual Studio Solution File, Format Version 12.00
# Visual Studio Version 17
VisualStudioVersion = 17.2.32616.157
MinimumVisualStudioVersion = 10.0.40219.1
Project("{FAE04EC0-301F-11D3-BF4B-00C04F79EFBC}") = "trabajo_final", "trabajo_final.csproj", "{FD5D69CB-3DC5-45CB-9589-017072E3BD1D}"
EndProject
Global
	GlobalSection(SolutionConfigurationPlatforms) = preSolution
		Debug|Any CPU = Debug|Any CPU
		Release|Any CPU = Release|Any CPU
	EndGlobalSection
	GlobalSection(ProjectConfigurationPlatforms) = postSolution
		{FD5D69CB-3DC5-45CB-9589-017072E3BD1D}.Debug|Any CPU.ActiveCfg = Debug|Any CPU
		{FD5D69CB-3DC5-45CB-9589-017072E3BD1D}.Debug|Any CPU.Build.0 = Debug|Any CPU
		{FD5D69CB-3DC5-45CB-9589-017072E3BD1D}.Release|Any CPU.ActiveCfg = Release|Any CPU
		{FD5D69CB-3DC5-45CB-9589-017072E3BD1D}.Release|Any CPU.Build.0 = Release|Any CPU
	EndGlobalSection
	GlobalSection(SolutionProperties) = preSolution
		HideSolutionNode = FALSE
	EndGlobalSection
	GlobalSection(ExtensibilityGlobals) = postSolution
		SolutionGuid = {B83565C7-80C8-4DFA-92B4-0072FFBD2B08}
	EndGlobalSection
EndGlobal
